<?xml version="1.0" encoding="utf-8"?>
<Project ToolsVersion="4.0" xmlns="http://schemas.microsoft.com/developer/msbuild/2003">
  <ItemGroup>
    <Filter Include="Source Files">
      <UniqueIdentifier>{4FC737F1-C7A5-4376-A066-2A32D752A2FF}</UniqueIdentifier>
      <Extensions>cpp;c;cc;cxx;def;odl;idl;hpj;bat;asm;asmx</Extensions>
    </Filter>
    <Filter Include="Header Files">
      <UniqueIdentifier>{93995380-89BD-4b04-88EB-625FBE52EBFB}</UniqueIdentifier>
      <Extensions>h;hh;hpp;hxx;hm;inl;inc;ipp;xsd</Extensions>
    </Filter>
    <Filter Include="Resource Files">
      <UniqueIdentifier>{67DA6AB6-F800-4c08-8B7A-83BB121AAD01}</UniqueIdentifier>
      <Extensions>rc;ico;cur;bmp;dlg;rc2;rct;bin;rgs;gif;jpg;jpeg;jpe;resx;tiff;tif;png;wav;mfcribbon-ms</Extensions>
    </Filter>
    <Filter Include="Shaders">
      <UniqueIdentifier>{8215817f-6441-4fb7-8658-31fe7cb081df}</UniqueIdentifier>
    </Filter>
    <Filter Include="Header Files\imgui">
      <UniqueIdentifier>{a0ba3938-1998-4793-a912-8f5adb4fe9b8}</UniqueIdentifier>
    </Filter>
    <Filter Include="Source Files\imgui">
      <UniqueIdentifier>{35a9d8fc-0008-4f2f-8aa8-0bbaaf2ac299}</UniqueIdentifier>
    </Filter>
    <Filter Include="Shaders\Sky">
      <UniqueIdentifier>{c4f40b53-9885-4ca6-ad96-5f0e46152888}</UniqueIdentifier>
    </Filter>
    <Filter Include="Shaders\Deferred">
      <UniqueIdentifier>{8c082b9f-7f23-4449-b9c2-44e4a34bf0f1}</UniqueIdentifier>
    </Filter>
    <Filter Include="Shaders\Deferred\GBuffers">
      <UniqueIdentifier>{991c237c-1609-44d9-89a6-d396a88e1332}</UniqueIdentifier>
    </Filter>
    <Filter Include="Source Files\Effects">
      <UniqueIdentifier>{c5044797-51d3-4323-be17-d9ed4f20a620}</UniqueIdentifier>
    </Filter>
    <Filter Include="Shaders\Deferred\LocalLights">
      <UniqueIdentifier>{d4599729-430d-449b-827b-16d949b97131}</UniqueIdentifier>
    </Filter>
    <Filter Include="Shaders\ShadowMap">
      <UniqueIdentifier>{0e5e900f-b4e6-4e3d-a1f5-e53d8f0dac7c}</UniqueIdentifier>
    </Filter>
    <Filter Include="Shaders\Blur">
      <UniqueIdentifier>{f1a1d6a6-137b-48d1-aad9-0cf7b6ed1e9c}</UniqueIdentifier>
    </Filter>
    <Filter Include="Shaders\Deferred\ScreenQuad">
      <UniqueIdentifier>{3780093d-99a1-4b05-93ee-d4dd52131b45}</UniqueIdentifier>
    </Filter>
  </ItemGroup>
  <ItemGroup>
    <None Include="cpp.hint" />
    <None Include="Src\Shaders\Lighting.hlsli">
      <Filter>Shaders</Filter>
    </None>
    <None Include="packages.config" />
    <None Include="Src\Shaders\Basic\Shadows.hlsli">
      <Filter>Shaders\Deferred\GBuffers</Filter>
    </None>
  </ItemGroup>
  <ItemGroup>
    <ClInclude Include="Inc\DemoBase.h">
      <Filter>Header Files</Filter>
    </ClInclude>
    <ClInclude Include="Inc\DemoScene.h">
      <Filter>Header Files</Filter>
    </ClInclude>
    <ClInclude Include="Inc\Helpers.h">
      <Filter>Header Files</Filter>
    </ClInclude>
    <ClInclude Include="Inc\pch.h">
      <Filter>Header Files</Filter>
    </ClInclude>
    <ClInclude Include="Inc\Timer.h">
      <Filter>Header Files</Filter>
    </ClInclude>
    <ClInclude Include="Inc\Vertex.h">
      <Filter>Header Files</Filter>
    </ClInclude>
    <ClInclude Include="Inc\imgui.h">
      <Filter>Header Files\imgui</Filter>
    </ClInclude>
    <ClInclude Include="Inc\imconfig.h">
      <Filter>Header Files\imgui</Filter>
    </ClInclude>
    <ClInclude Include="Inc\imgui_impl_dx11.h">
      <Filter>Header Files\imgui</Filter>
    </ClInclude>
    <ClInclude Include="Inc\imgui_impl_win32.h">
      <Filter>Header Files\imgui</Filter>
    </ClInclude>
    <ClInclude Include="Inc\imgui_internal.h">
      <Filter>Header Files\imgui</Filter>
    </ClInclude>
    <ClInclude Include="Inc\imstb_rectpack.h">
      <Filter>Header Files\imgui</Filter>
    </ClInclude>
    <ClInclude Include="Inc\imstb_textedit.h">
      <Filter>Header Files\imgui</Filter>
    </ClInclude>
    <ClInclude Include="Inc\imstb_truetype.h">
      <Filter>Header Files\imgui</Filter>
    </ClInclude>
    <ClInclude Include="Inc\Lights.h">
      <Filter>Header Files</Filter>
    </ClInclude>
    <ClInclude Include="Inc\Drawable.h">
      <Filter>Header Files</Filter>
    </ClInclude>
    <ClInclude Include="Inc\ConstantBuffer.h">
      <Filter>Header Files</Filter>
    </ClInclude>
    <ClInclude Include="Inc\Shaders.h">
      <Filter>Header Files</Filter>
    </ClInclude>
    <ClInclude Include="Inc\MathHelper.h">
      <Filter>Header Files</Filter>
    </ClInclude>
    <ClInclude Include="Inc\DebugDraw.h">
      <Filter>Header Files</Filter>
    </ClInclude>
    <ClInclude Include="Inc\Camera.h">
      <Filter>Header Files</Filter>
    </ClInclude>
    <ClInclude Include="Inc\StepTimer.h">
      <Filter>Header Files</Filter>
    </ClInclude>
    <ClInclude Include="Inc\Sky.h">
      <Filter>Header Files</Filter>
    </ClInclude>
    <ClInclude Include="Inc\ShadowMap.h">
      <Filter>Header Files</Filter>
    </ClInclude>
    <ClInclude Include="Inc\Blur.h">
      <Filter>Header Files</Filter>
    </ClInclude>
  </ItemGroup>
  <ItemGroup>
    <ClCompile Include="Src\DemoBase.cpp">
      <Filter>Source Files</Filter>
    </ClCompile>
    <ClCompile Include="Src\DemoScene.cpp">
      <Filter>Source Files</Filter>
    </ClCompile>
    <ClCompile Include="Src\main.cpp">
      <Filter>Source Files</Filter>
    </ClCompile>
    <ClCompile Include="Src\pch.cpp">
      <Filter>Source Files</Filter>
    </ClCompile>
    <ClCompile Include="Src\Timer.cpp">
      <Filter>Source Files</Filter>
    </ClCompile>
    <ClCompile Include="Src\Vertex.cpp">
      <Filter>Source Files</Filter>
    </ClCompile>
    <ClCompile Include="Src\imgui.cpp">
      <Filter>Source Files\imgui</Filter>
    </ClCompile>
    <ClCompile Include="Src\imgui_demo.cpp">
      <Filter>Source Files\imgui</Filter>
    </ClCompile>
    <ClCompile Include="Src\imgui_draw.cpp">
      <Filter>Source Files\imgui</Filter>
    </ClCompile>
    <ClCompile Include="Src\imgui_impl_dx11.cpp">
      <Filter>Source Files\imgui</Filter>
    </ClCompile>
    <ClCompile Include="Src\imgui_impl_win32.cpp">
      <Filter>Source Files\imgui</Filter>
    </ClCompile>
    <ClCompile Include="Src\imgui_widgets.cpp">
      <Filter>Source Files\imgui</Filter>
    </ClCompile>
    <ClCompile Include="Src\Helpers.cpp">
      <Filter>Source Files</Filter>
    </ClCompile>
    <ClCompile Include="Src\MathHelper.cpp">
      <Filter>Source Files</Filter>
    </ClCompile>
    <ClCompile Include="Src\DebugDraw.cpp">
      <Filter>Source Files</Filter>
    </ClCompile>
    <ClCompile Include="Src\Camera.cpp">
      <Filter>Source Files</Filter>
    </ClCompile>
    <ClCompile Include="Src\Sky.cpp">
      <Filter>Source Files</Filter>
    </ClCompile>
    <ClCompile Include="Src\BasicEffect.cpp">
      <Filter>Source Files\Effects</Filter>
    </ClCompile>
    <ClCompile Include="Src\ScreenQuadEffect.cpp">
      <Filter>Source Files\Effects</Filter>
    </ClCompile>
    <ClCompile Include="Src\SkyEffect.cpp">
      <Filter>Source Files\Effects</Filter>
    </ClCompile>
    <ClCompile Include="Src\LocalLightEffect.cpp">
      <Filter>Source Files\Effects</Filter>
    </ClCompile>
    <ClCompile Include="Src\ShadowMapEffect.cpp">
      <Filter>Source Files\Effects</Filter>
    </ClCompile>
    <ClCompile Include="Src\ShadowMap.cpp">
      <Filter>Source Files</Filter>
    </ClCompile>
    <ClCompile Include="Src\Blur.cpp">
      <Filter>Source Files</Filter>
    </ClCompile>
  </ItemGroup>
  <ItemGroup>
    <FxCompile Include="Src\Shaders\SkyPS.hlsl">
      <Filter>Shaders\Sky</Filter>
    </FxCompile>
    <FxCompile Include="Src\Shaders\SkyVS.hlsl">
      <Filter>Shaders\Sky</Filter>
    </FxCompile>
    <FxCompile Include="Src\Shaders\Basic\PixelShader.hlsl">
      <Filter>Shaders\Deferred\GBuffers</Filter>
    </FxCompile>
    <FxCompile Include="Src\Shaders\Basic\VertexShader.hlsl">
      <Filter>Shaders\Deferred\GBuffers</Filter>
    </FxCompile>
    <FxCompile Include="Src\Shaders\DeferredScreenQuadVS.hlsl">
      <Filter>Shaders\Deferred\ScreenQuad</Filter>
    </FxCompile>
    <FxCompile Include="Src\Shaders\DeferredScreenQuadPS.hlsl">
      <Filter>Shaders\Deferred\ScreenQuad</Filter>
    </FxCompile>
    <FxCompile Include="Src\Shaders\LocalLightVS.hlsl">
      <Filter>Shaders\Deferred\LocalLights</Filter>
    </FxCompile>
    <FxCompile Include="Src\Shaders\LocalLightPS.hlsl">
      <Filter>Shaders\Deferred\LocalLights</Filter>
    </FxCompile>
    <FxCompile Include="Src\Shaders\ShadowMapVS.hlsl">
      <Filter>Shaders\ShadowMap</Filter>
    </FxCompile>
    <FxCompile Include="Src\Shaders\ShadowMapPS.hlsl">
      <Filter>Shaders\ShadowMap</Filter>
    </FxCompile>
    <FxCompile Include="Src\Shaders\HorzBlurCS.hlsl">
      <Filter>Shaders\Blur</Filter>
    </FxCompile>
    <FxCompile Include="Src\Shaders\VertBlurCS.hlsl">
      <Filter>Shaders\Blur</Filter>
    </FxCompile>
  </ItemGroup>
</Project>